
Microsoft Visual Studio Solution File, Format Version 12.00
# Visual Studio Version 16
VisualStudioVersion = 16.0.30330.147
MinimumVisualStudioVersion = 10.0.40219.1
Project("{9A19103F-16F7-4668-BE54-9A1E7A4F7556}") = "DiscordBotBase", "DiscordBotBase.csproj", "{422DC97F-BDC1-44E8-82B2-4768AD7158C8}"
EndProject
Project("{9A19103F-16F7-4668-BE54-9A1E7A4F7556}") = "DiscordBotBase.Test", "..\DiscordBotBase.Test\DiscordBotBase.Test.csproj", "{862491F1-E7F4-432A-B0E1-85C67B300B09}"
EndProject
Project("{FAE04EC0-301F-11D3-BF4B-00C04F79EFBC}") = "DiscordBotBase.MongoDB", "DiscordBotBase.MongoDB\DiscordBotBase.MongoDB.csproj", "{6CEEA50E-FCEC-4B90-8547-D09EAF836399}"
EndProject
Global
	GlobalSection(SolutionConfigurationPlatforms) = preSolution
		Debug|Any CPU = Debug|Any CPU
		Release|Any CPU = Release|Any CPU
	EndGlobalSection
	GlobalSection(ProjectConfigurationPlatforms) = postSolution
		{422DC97F-BDC1-44E8-82B2-4768AD7158C8}.Debug|Any CPU.ActiveCfg = Debug|Any CPU
		{422DC97F-BDC1-44E8-82B2-4768AD7158C8}.Debug|Any CPU.Build.0 = Debug|Any CPU
		{422DC97F-BDC1-44E8-82B2-4768AD7158C8}.Release|Any CPU.ActiveCfg = Release|Any CPU
		{422DC97F-BDC1-44E8-82B2-4768AD7158C8}.Release|Any CPU.Build.0 = Release|Any CPU
		{862491F1-E7F4-432A-B0E1-85C67B300B09}.Debug|Any CPU.ActiveCfg = Debug|Any CPU
		{862491F1-E7F4-432A-B0E1-85C67B300B09}.Debug|Any CPU.Build.0 = Debug|Any CPU
		{862491F1-E7F4-432A-B0E1-85C67B300B09}.Release|Any CPU.ActiveCfg = Release|Any CPU
		{862491F1-E7F4-432A-B0E1-85C67B300B09}.Release|Any CPU.Build.0 = Release|Any CPU
		{6CEEA50E-FCEC-4B90-8547-D09EAF836399}.Debug|Any CPU.ActiveCfg = Debug|Any CPU
		{6CEEA50E-FCEC-4B90-8547-D09EAF836399}.Debug|Any CPU.Build.0 = Debug|Any CPU
		{6CEEA50E-FCEC-4B90-8547-D09EAF836399}.Release|Any CPU.ActiveCfg = Release|Any CPU
		{6CEEA50E-FCEC-4B90-8547-D09EAF836399}.Release|Any CPU.Build.0 = Release|Any CPU
	EndGlobalSection
	GlobalSection(SolutionProperties) = preSolution
		HideSolutionNode = FALSE
	EndGlobalSection
	GlobalSection(ExtensibilityGlobals) = postSolution
		SolutionGuid = {1FB8C3ED-29B8-4A97-8EA9-286293DCDDF6}
	EndGlobalSection
EndGlobal
