
Microsoft Visual Studio Solution File, Format Version 12.00
# Visual Studio Version 16
VisualStudioVersion = 16.0.30330.147
MinimumVisualStudioVersion = 10.0.40219.1
Project("{9A19103F-16F7-4668-BE54-9A1E7A4F7556}") = "Tars", "Tars.csproj", "{422DC97F-BDC1-44E8-82B2-4768AD7158C8}"
EndProject
Project("{9A19103F-16F7-4668-BE54-9A1E7A4F7556}") = "Tars.Test", "Tars.Test\Tars.Test.csproj", "{B5D0A7BD-48F1-4CB5-AFB5-899BC50793C1}"
EndProject
Project("{9A19103F-16F7-4668-BE54-9A1E7A4F7556}") = "Tars.MongoDB", "Tars.MongoDB\Tars.MongoDB.csproj", "{93808D84-C989-48BB-A412-D1361A53AB5C}"
EndProject
Project("{FAE04EC0-301F-11D3-BF4B-00C04F79EFBC}") = "Tars.ScheduledEvents", "Tars.ScheduledEvents\Tars.ScheduledEvents.csproj", "{355BFD62-F511-4552-BDE2-898B1036876D}"
EndProject
Global
	GlobalSection(SolutionConfigurationPlatforms) = preSolution
		Debug|Any CPU = Debug|Any CPU
		Release|Any CPU = Release|Any CPU
	EndGlobalSection
	GlobalSection(ProjectConfigurationPlatforms) = postSolution
		{422DC97F-BDC1-44E8-82B2-4768AD7158C8}.Debug|Any CPU.ActiveCfg = Debug|Any CPU
		{422DC97F-BDC1-44E8-82B2-4768AD7158C8}.Debug|Any CPU.Build.0 = Debug|Any CPU
		{422DC97F-BDC1-44E8-82B2-4768AD7158C8}.Release|Any CPU.ActiveCfg = Release|Any CPU
		{422DC97F-BDC1-44E8-82B2-4768AD7158C8}.Release|Any CPU.Build.0 = Release|Any CPU
		{B5D0A7BD-48F1-4CB5-AFB5-899BC50793C1}.Debug|Any CPU.ActiveCfg = Debug|Any CPU
		{B5D0A7BD-48F1-4CB5-AFB5-899BC50793C1}.Debug|Any CPU.Build.0 = Debug|Any CPU
		{B5D0A7BD-48F1-4CB5-AFB5-899BC50793C1}.Release|Any CPU.ActiveCfg = Release|Any CPU
		{B5D0A7BD-48F1-4CB5-AFB5-899BC50793C1}.Release|Any CPU.Build.0 = Release|Any CPU
		{93808D84-C989-48BB-A412-D1361A53AB5C}.Debug|Any CPU.ActiveCfg = Debug|Any CPU
		{93808D84-C989-48BB-A412-D1361A53AB5C}.Debug|Any CPU.Build.0 = Debug|Any CPU
		{93808D84-C989-48BB-A412-D1361A53AB5C}.Release|Any CPU.ActiveCfg = Release|Any CPU
		{93808D84-C989-48BB-A412-D1361A53AB5C}.Release|Any CPU.Build.0 = Release|Any CPU
		{355BFD62-F511-4552-BDE2-898B1036876D}.Debug|Any CPU.ActiveCfg = Debug|Any CPU
		{355BFD62-F511-4552-BDE2-898B1036876D}.Debug|Any CPU.Build.0 = Debug|Any CPU
		{355BFD62-F511-4552-BDE2-898B1036876D}.Release|Any CPU.ActiveCfg = Release|Any CPU
		{355BFD62-F511-4552-BDE2-898B1036876D}.Release|Any CPU.Build.0 = Release|Any CPU
	EndGlobalSection
	GlobalSection(SolutionProperties) = preSolution
		HideSolutionNode = FALSE
	EndGlobalSection
	GlobalSection(ExtensibilityGlobals) = postSolution
		SolutionGuid = {1FB8C3ED-29B8-4A97-8EA9-286293DCDDF6}
	EndGlobalSection
EndGlobal
